<?xml version="1.0" encoding="utf-8"?>
<Project ToolsVersion="4.0" xmlns="http://schemas.microsoft.com/developer/msbuild/2003">
  <ItemGroup>
    <Filter Include="Source Files">
      <UniqueIdentifier>{4FC737F1-C7A5-4376-A066-2A32D752A2FF}</UniqueIdentifier>
      <Extensions>cpp;c;cc;cxx;c++;cppm;ixx;def;odl;idl;hpj;bat;asm;asmx</Extensions>
    </Filter>
    <Filter Include="Header Files">
      <UniqueIdentifier>{93995380-89BD-4b04-88EB-625FBE52EBFB}</UniqueIdentifier>
      <Extensions>h;hh;hpp;hxx;h++;hm;inl;inc;ipp;xsd</Extensions>
    </Filter>
    <Filter Include="Resource Files">
      <UniqueIdentifier>{67DA6AB6-F800-4c08-8B7A-83BB121AAD01}</UniqueIdentifier>
      <Extensions>rc;ico;cur;bmp;dlg;rc2;rct;bin;rgs;gif;jpg;jpeg;jpe;resx;tiff;tif;png;wav;mfcribbon-ms</Extensions>
    </Filter>
    <Filter Include="Source Files\Scene Manager">
      <UniqueIdentifier>{e9f19012-074d-4191-9944-3a15ce213970}</UniqueIdentifier>
    </Filter>
    <Filter Include="Source Files\Scene Manager\Scene">
      <UniqueIdentifier>{79fbd49d-47fd-41a6-b487-37daf95a9134}</UniqueIdentifier>
    </Filter>
    <Filter Include="Source Files\GFX">
      <UniqueIdentifier>{f3cc102e-bf38-4453-92ac-31e7bff98edf}</UniqueIdentifier>
    </Filter>
    <Filter Include="Source Files\GFX\Camera">
      <UniqueIdentifier>{04661d71-86b3-4cb8-a467-c2a48524b699}</UniqueIdentifier>
    </Filter>
    <Filter Include="Source Files\Object">
      <UniqueIdentifier>{af2d41b4-31b7-4d18-b247-d09b707f9355}</UniqueIdentifier>
    </Filter>
    <Filter Include="Source Files\GFX\Material">
      <UniqueIdentifier>{261b6d28-bc08-48af-aba2-5f7d873b2ab3}</UniqueIdentifier>
    </Filter>
    <Filter Include="Source Files\Geometry">
      <UniqueIdentifier>{75330c08-a92f-4d43-b284-d984ef1d6eed}</UniqueIdentifier>
    </Filter>
    <Filter Include="Source Files\GFX\Color">
      <UniqueIdentifier>{0dea16ae-751e-4028-b7fc-1a72bd607153}</UniqueIdentifier>
    </Filter>
    <Filter Include="Source Files\Utils">
      <UniqueIdentifier>{2721edd5-eef1-4ea9-9bf0-d6082c7ea3eb}</UniqueIdentifier>
    </Filter>
    <Filter Include="Source Files\GFX\Raytraycer">
      <UniqueIdentifier>{2d3eeb3b-e3f7-45ea-8bc3-f9c8926361a8}</UniqueIdentifier>
    </Filter>
    <Filter Include="Source Files\GFX\Light">
      <UniqueIdentifier>{8d75f527-8b3c-47e3-b1d5-14fb9e08c9a0}</UniqueIdentifier>
    </Filter>
    <Filter Include="Source Files\Multithreading">
      <UniqueIdentifier>{c66988a8-6402-47dd-b8a5-d998455246f1}</UniqueIdentifier>
    </Filter>
    <Filter Include="Source Files\Multithreading\ThreadPool">
      <UniqueIdentifier>{b4ebc1b9-2db3-4c6b-9c7a-d570fdb0abf5}</UniqueIdentifier>
    </Filter>
    <Filter Include="Source Files\Multithreading\Queue">
      <UniqueIdentifier>{0b5e92b4-7b46-4bfd-b62f-8065ece53f2a}</UniqueIdentifier>
    </Filter>
    <Filter Include="Source Files\GFX\FrameBuffer">
      <UniqueIdentifier>{0b65a223-3326-4941-90e9-92ae8e08ee62}</UniqueIdentifier>
    </Filter>
  </ItemGroup>
  <ItemGroup>
    <ClCompile Include="src\main.cpp">
      <Filter>Source Files</Filter>
    </ClCompile>
    <ClCompile Include="src\SceneManager.cpp">
      <Filter>Source Files\Scene Manager</Filter>
    </ClCompile>
    <ClCompile Include="src\Scene.cpp">
      <Filter>Source Files\Scene Manager\Scene</Filter>
    </ClCompile>
    <ClCompile Include="src\Object.cpp">
      <Filter>Source Files\Object</Filter>
    </ClCompile>
    <ClCompile Include="src\Color.cpp">
      <Filter>Source Files\GFX\Color</Filter>
    </ClCompile>
    <ClCompile Include="src\GraphicsManager.cpp">
      <Filter>Source Files\GFX</Filter>
    </ClCompile>
    <ClCompile Include="src\Utils.cpp">
      <Filter>Source Files\Utils</Filter>
    </ClCompile>
    <ClCompile Include="src\Camera.cpp">
      <Filter>Source Files\GFX\Camera</Filter>
    </ClCompile>
    <ClCompile Include="src\Material.cpp">
      <Filter>Source Files\GFX\Material</Filter>
    </ClCompile>
    <ClCompile Include="src\Geometry.cpp">
      <Filter>Source Files\Geometry</Filter>
    </ClCompile>
    <ClCompile Include="src\Raytracer.cpp">
      <Filter>Source Files\GFX\Raytraycer</Filter>
    </ClCompile>
    <ClCompile Include="src\Light.cpp">
      <Filter>Source Files\GFX\Light</Filter>
    </ClCompile>
    <ClCompile Include="src\ThreadPool.cpp">
      <Filter>Source Files\Multithreading\ThreadPool</Filter>
    </ClCompile>
    <ClCompile Include="src\FrameBuffer.cpp">
      <Filter>Source Files\GFX\FrameBuffer</Filter>
    </ClCompile>
  </ItemGroup>
  <ItemGroup>
    <ClInclude Include="src\Scene.h">
      <Filter>Source Files\Scene Manager\Scene</Filter>
    </ClInclude>
    <ClInclude Include="src\SceneManager.h">
      <Filter>Source Files\Scene Manager</Filter>
    </ClInclude>
    <ClInclude Include="src\GraphicsManager.h">
      <Filter>Source Files\GFX</Filter>
    </ClInclude>
    <ClInclude Include="src\Camera.h">
      <Filter>Source Files\GFX\Camera</Filter>
    </ClInclude>
    <ClInclude Include="src\Material.h">
      <Filter>Source Files\GFX\Material</Filter>
    </ClInclude>
    <ClInclude Include="src\Object.h">
      <Filter>Source Files\Object</Filter>
    </ClInclude>
    <ClInclude Include="src\Geometry.h">
      <Filter>Source Files\Geometry</Filter>
    </ClInclude>
    <ClInclude Include="src\Color.h">
      <Filter>Source Files\GFX\Color</Filter>
    </ClInclude>
    <ClInclude Include="src\Utils.h">
      <Filter>Source Files\Utils</Filter>
    </ClInclude>
    <ClInclude Include="src\Raytracer.h">
      <Filter>Source Files\GFX\Raytraycer</Filter>
    </ClInclude>
    <ClInclude Include="src\Light.h">
      <Filter>Source Files\GFX\Light</Filter>
    </ClInclude>
    <ClInclude Include="src\ThreadPool.h">
      <Filter>Source Files\Multithreading\ThreadPool</Filter>
    </ClInclude>
    <ClInclude Include="src\TaskQueue.h">
      <Filter>Source Files\Multithreading\Queue</Filter>
    </ClInclude>
    <ClInclude Include="src\FrameBuffer.h">
      <Filter>Source Files\GFX\FrameBuffer</Filter>
    </ClInclude>
  </ItemGroup>
  <ItemGroup>
    <Text Include="CONFIG.txt">
      <Filter>Resource Files</Filter>
    </Text>
  </ItemGroup>
</Project>